
Microsoft Visual Studio Solution File, Format Version 12.00
# Visual Studio Version 17
VisualStudioVersion = 17.14.36603.0 d17.14
MinimumVisualStudioVersion = 10.0.40219.1
Project("{FAE04EC0-301F-11D3-BF4B-00C04F79EFBC}") = "KE.Utils", "KE.Utils.csproj", "{52EEB816-7CAC-2A73-70F5-28B3EEBF68C7}"
EndProject
Global
	GlobalSection(SolutionConfigurationPlatforms) = preSolution
		Debug|Any CPU = Debug|Any CPU
		Release|Any CPU = Release|Any CPU
	EndGlobalSection
	GlobalSection(ProjectConfigurationPlatforms) = postSolution
		{52EEB816-7CAC-2A73-70F5-28B3EEBF68C7}.Debug|Any CPU.ActiveCfg = Debug|Any CPU
		{52EEB816-7CAC-2A73-70F5-28B3EEBF68C7}.Debug|Any CPU.Build.0 = Debug|Any CPU
		{52EEB816-7CAC-2A73-70F5-28B3EEBF68C7}.Release|Any CPU.ActiveCfg = Release|Any CPU
		{52EEB816-7CAC-2A73-70F5-28B3EEBF68C7}.Release|Any CPU.Build.0 = Release|Any CPU
	EndGlobalSection
	GlobalSection(SolutionProperties) = preSolution
		HideSolutionNode = FALSE
	EndGlobalSection
	GlobalSection(ExtensibilityGlobals) = postSolution
		SolutionGuid = {47D4F9E0-2912-4FF9-9230-D50020604280}
	EndGlobalSection
EndGlobal
